
Microsoft Visual Studio Solution File, Format Version 12.00
# Visual Studio Version 16
VisualStudioVersion = 25.0.1704.1
MinimumVisualStudioVersion = 10.0.40219.1
Project("{FAE04EC0-301F-11D3-BF4B-00C04F79EFBC}") = "Catalog.Api", "Catalog.Api\Catalog.Api.csproj", "{2E8FBD96-7748-4081-923E-28E473782AE8}"
EndProject
Project("{FAE04EC0-301F-11D3-BF4B-00C04F79EFBC}") = "Catalog.Data", "Catalog.Data\Catalog.Data.csproj", "{17236139-7BF8-4E97-A9F6-41F447F409F2}"
EndProject
Project("{FAE04EC0-301F-11D3-BF4B-00C04F79EFBC}") = "Catalog.Domain", "Catalog.Domain\Catalog.Domain.csproj", "{AC08C91C-9758-4688-83C7-46427010F68D}"
EndProject
Global
	GlobalSection(SolutionConfigurationPlatforms) = preSolution
		Debug|Any CPU = Debug|Any CPU
		Release|Any CPU = Release|Any CPU
	EndGlobalSection
	GlobalSection(ProjectConfigurationPlatforms) = postSolution
		{2E8FBD96-7748-4081-923E-28E473782AE8}.Debug|Any CPU.ActiveCfg = Debug|Any CPU
		{2E8FBD96-7748-4081-923E-28E473782AE8}.Debug|Any CPU.Build.0 = Debug|Any CPU
		{2E8FBD96-7748-4081-923E-28E473782AE8}.Release|Any CPU.ActiveCfg = Release|Any CPU
		{2E8FBD96-7748-4081-923E-28E473782AE8}.Release|Any CPU.Build.0 = Release|Any CPU
		{17236139-7BF8-4E97-A9F6-41F447F409F2}.Debug|Any CPU.ActiveCfg = Debug|Any CPU
		{17236139-7BF8-4E97-A9F6-41F447F409F2}.Debug|Any CPU.Build.0 = Debug|Any CPU
		{17236139-7BF8-4E97-A9F6-41F447F409F2}.Release|Any CPU.ActiveCfg = Release|Any CPU
		{17236139-7BF8-4E97-A9F6-41F447F409F2}.Release|Any CPU.Build.0 = Release|Any CPU
		{AC08C91C-9758-4688-83C7-46427010F68D}.Debug|Any CPU.ActiveCfg = Debug|Any CPU
		{AC08C91C-9758-4688-83C7-46427010F68D}.Debug|Any CPU.Build.0 = Debug|Any CPU
		{AC08C91C-9758-4688-83C7-46427010F68D}.Release|Any CPU.ActiveCfg = Release|Any CPU
		{AC08C91C-9758-4688-83C7-46427010F68D}.Release|Any CPU.Build.0 = Release|Any CPU
	EndGlobalSection
	GlobalSection(SolutionProperties) = preSolution
		HideSolutionNode = FALSE
	EndGlobalSection
	GlobalSection(ExtensibilityGlobals) = postSolution
		SolutionGuid = {3E9A2F31-1D82-4026-90F6-B55EC427F909}
	EndGlobalSection
EndGlobal
